
Microsoft Visual Studio Solution File, Format Version 12.00
# Visual Studio Version 16
VisualStudioVersion = 16.0.29911.84
MinimumVisualStudioVersion = 10.0.40219.1
Project("{FAE04EC0-301F-11D3-BF4B-00C04F79EFBC}") = "musigram", "musigram.csproj", "{D05C8E94-7771-43AA-BFD8-AFF643BC3F0F}"
EndProject
Global
	GlobalSection(SolutionConfigurationPlatforms) = preSolution
		Debug|Any CPU = Debug|Any CPU
		Release|Any CPU = Release|Any CPU
	EndGlobalSection
	GlobalSection(ProjectConfigurationPlatforms) = postSolution
		{D05C8E94-7771-43AA-BFD8-AFF643BC3F0F}.Debug|Any CPU.ActiveCfg = Debug|Any CPU
		{D05C8E94-7771-43AA-BFD8-AFF643BC3F0F}.Debug|Any CPU.Build.0 = Debug|Any CPU
		{D05C8E94-7771-43AA-BFD8-AFF643BC3F0F}.Release|Any CPU.ActiveCfg = Release|Any CPU
		{D05C8E94-7771-43AA-BFD8-AFF643BC3F0F}.Release|Any CPU.Build.0 = Release|Any CPU
	EndGlobalSection
	GlobalSection(SolutionProperties) = preSolution
		HideSolutionNode = FALSE
	EndGlobalSection
	GlobalSection(ExtensibilityGlobals) = postSolution
		SolutionGuid = {688E9E05-1B23-480A-9140-8DFC30A9D628}
	EndGlobalSection
EndGlobal
